
Microsoft Visual Studio Solution File, Format Version 12.00
# Visual Studio Version 17
VisualStudioVersion = 17.1.32210.238
MinimumVisualStudioVersion = 10.0.40219.1
Project("{FAE04EC0-301F-11D3-BF4B-00C04F79EFBC}") = "PhoneDirectoryApi", "PhoneDirectoryApi\PhoneDirectoryApi.csproj", "{5AFBCDC9-84AA-4709-BBD2-5D2D2069BE3C}"
EndProject
Global
	GlobalSection(SolutionConfigurationPlatforms) = preSolution
		Debug|Any CPU = Debug|Any CPU
		Release|Any CPU = Release|Any CPU
	EndGlobalSection
	GlobalSection(ProjectConfigurationPlatforms) = postSolution
		{5AFBCDC9-84AA-4709-BBD2-5D2D2069BE3C}.Debug|Any CPU.ActiveCfg = Debug|Any CPU
		{5AFBCDC9-84AA-4709-BBD2-5D2D2069BE3C}.Debug|Any CPU.Build.0 = Debug|Any CPU
		{5AFBCDC9-84AA-4709-BBD2-5D2D2069BE3C}.Release|Any CPU.ActiveCfg = Release|Any CPU
		{5AFBCDC9-84AA-4709-BBD2-5D2D2069BE3C}.Release|Any CPU.Build.0 = Release|Any CPU
	EndGlobalSection
	GlobalSection(SolutionProperties) = preSolution
		HideSolutionNode = FALSE
	EndGlobalSection
	GlobalSection(ExtensibilityGlobals) = postSolution
		SolutionGuid = {10BF1362-5D34-4426-9B3A-27EF8AFE0774}
	EndGlobalSection
EndGlobal
